
Microsoft Visual Studio Solution File, Format Version 12.00
# Visual Studio Version 16
VisualStudioVersion = 16.0.29905.134
MinimumVisualStudioVersion = 10.0.40219.1
Project("{FAE04EC0-301F-11D3-BF4B-00C04F79EFBC}") = "SampleProject-CodeFirst", "SampleProject-CodeFirst\SampleProject-CodeFirst.csproj", "{EC4EE8A0-98B9-4D3B-B7D6-5C52A5315CA0}"
EndProject
Global
	GlobalSection(SolutionConfigurationPlatforms) = preSolution
		Debug|Any CPU = Debug|Any CPU
		Release|Any CPU = Release|Any CPU
	EndGlobalSection
	GlobalSection(ProjectConfigurationPlatforms) = postSolution
		{EC4EE8A0-98B9-4D3B-B7D6-5C52A5315CA0}.Debug|Any CPU.ActiveCfg = Debug|Any CPU
		{EC4EE8A0-98B9-4D3B-B7D6-5C52A5315CA0}.Debug|Any CPU.Build.0 = Debug|Any CPU
		{EC4EE8A0-98B9-4D3B-B7D6-5C52A5315CA0}.Release|Any CPU.ActiveCfg = Release|Any CPU
		{EC4EE8A0-98B9-4D3B-B7D6-5C52A5315CA0}.Release|Any CPU.Build.0 = Release|Any CPU
	EndGlobalSection
	GlobalSection(SolutionProperties) = preSolution
		HideSolutionNode = FALSE
	EndGlobalSection
	GlobalSection(ExtensibilityGlobals) = postSolution
		SolutionGuid = {B698FD9B-42D9-46D1-B65D-40C7B69141FE}
	EndGlobalSection
EndGlobal
